
Microsoft Visual Studio Solution File, Format Version 12.00
# Visual Studio Version 16
VisualStudioVersion = 16.0.30413.136
MinimumVisualStudioVersion = 10.0.40219.1
Project("{FAE04EC0-301F-11D3-BF4B-00C04F79EFBC}") = "task_2.2", "task_2.2.csproj", "{55B7194F-BA9D-44DC-B951-7211CD0D5FBE}"
EndProject
Global
	GlobalSection(SolutionConfigurationPlatforms) = preSolution
		Debug|Any CPU = Debug|Any CPU
		Release|Any CPU = Release|Any CPU
	EndGlobalSection
	GlobalSection(ProjectConfigurationPlatforms) = postSolution
		{55B7194F-BA9D-44DC-B951-7211CD0D5FBE}.Debug|Any CPU.ActiveCfg = Debug|Any CPU
		{55B7194F-BA9D-44DC-B951-7211CD0D5FBE}.Debug|Any CPU.Build.0 = Debug|Any CPU
		{55B7194F-BA9D-44DC-B951-7211CD0D5FBE}.Release|Any CPU.ActiveCfg = Release|Any CPU
		{55B7194F-BA9D-44DC-B951-7211CD0D5FBE}.Release|Any CPU.Build.0 = Release|Any CPU
	EndGlobalSection
	GlobalSection(SolutionProperties) = preSolution
		HideSolutionNode = FALSE
	EndGlobalSection
	GlobalSection(ExtensibilityGlobals) = postSolution
		SolutionGuid = {FC166D93-0B63-45EC-B973-DCD30FE4D083}
	EndGlobalSection
EndGlobal
