
Microsoft Visual Studio Solution File, Format Version 12.00
# Visual Studio Version 16
VisualStudioVersion = 16.0.29709.97
MinimumVisualStudioVersion = 10.0.40219.1
Project("{FAE04EC0-301F-11D3-BF4B-00C04F79EFBC}") = "task_1.1", "task_1.1.csproj", "{80274A8B-9BF4-4914-993D-26D8034849BF}"
EndProject
Global
	GlobalSection(SolutionConfigurationPlatforms) = preSolution
		Debug|Any CPU = Debug|Any CPU
		Release|Any CPU = Release|Any CPU
	EndGlobalSection
	GlobalSection(ProjectConfigurationPlatforms) = postSolution
		{80274A8B-9BF4-4914-993D-26D8034849BF}.Debug|Any CPU.ActiveCfg = Debug|Any CPU
		{80274A8B-9BF4-4914-993D-26D8034849BF}.Debug|Any CPU.Build.0 = Debug|Any CPU
		{80274A8B-9BF4-4914-993D-26D8034849BF}.Release|Any CPU.ActiveCfg = Release|Any CPU
		{80274A8B-9BF4-4914-993D-26D8034849BF}.Release|Any CPU.Build.0 = Release|Any CPU
	EndGlobalSection
	GlobalSection(SolutionProperties) = preSolution
		HideSolutionNode = FALSE
	EndGlobalSection
	GlobalSection(ExtensibilityGlobals) = postSolution
		SolutionGuid = {AABE9AD0-CF46-4FA9-A80E-748C2B7B3756}
	EndGlobalSection
EndGlobal
