
Microsoft Visual Studio Solution File, Format Version 12.00
# Visual Studio Version 16
VisualStudioVersion = 16.0.30413.136
MinimumVisualStudioVersion = 10.0.40219.1
Project("{FAE04EC0-301F-11D3-BF4B-00C04F79EFBC}") = "task_3.1", "task_3.1.csproj", "{05894DC3-4B6B-4848-A5EE-805EAD665CAE}"
EndProject
Global
	GlobalSection(SolutionConfigurationPlatforms) = preSolution
		Debug|Any CPU = Debug|Any CPU
		Release|Any CPU = Release|Any CPU
	EndGlobalSection
	GlobalSection(ProjectConfigurationPlatforms) = postSolution
		{05894DC3-4B6B-4848-A5EE-805EAD665CAE}.Debug|Any CPU.ActiveCfg = Debug|Any CPU
		{05894DC3-4B6B-4848-A5EE-805EAD665CAE}.Debug|Any CPU.Build.0 = Debug|Any CPU
		{05894DC3-4B6B-4848-A5EE-805EAD665CAE}.Release|Any CPU.ActiveCfg = Release|Any CPU
		{05894DC3-4B6B-4848-A5EE-805EAD665CAE}.Release|Any CPU.Build.0 = Release|Any CPU
	EndGlobalSection
	GlobalSection(SolutionProperties) = preSolution
		HideSolutionNode = FALSE
	EndGlobalSection
	GlobalSection(ExtensibilityGlobals) = postSolution
		SolutionGuid = {EB2C4C81-CB7D-4492-B948-469BE1CE06DB}
	EndGlobalSection
EndGlobal
