
Microsoft Visual Studio Solution File, Format Version 12.00
# Visual Studio Version 16
VisualStudioVersion = 16.0.30413.136
MinimumVisualStudioVersion = 10.0.40219.1
Project("{FAE04EC0-301F-11D3-BF4B-00C04F79EFBC}") = "task_1.1", "task_1.1.csproj", "{F6DA770D-7059-4341-8C99-BBC52189406F}"
EndProject
Global
	GlobalSection(SolutionConfigurationPlatforms) = preSolution
		Debug|Any CPU = Debug|Any CPU
		Release|Any CPU = Release|Any CPU
	EndGlobalSection
	GlobalSection(ProjectConfigurationPlatforms) = postSolution
		{F6DA770D-7059-4341-8C99-BBC52189406F}.Debug|Any CPU.ActiveCfg = Debug|Any CPU
		{F6DA770D-7059-4341-8C99-BBC52189406F}.Debug|Any CPU.Build.0 = Debug|Any CPU
		{F6DA770D-7059-4341-8C99-BBC52189406F}.Release|Any CPU.ActiveCfg = Release|Any CPU
		{F6DA770D-7059-4341-8C99-BBC52189406F}.Release|Any CPU.Build.0 = Release|Any CPU
	EndGlobalSection
	GlobalSection(SolutionProperties) = preSolution
		HideSolutionNode = FALSE
	EndGlobalSection
	GlobalSection(ExtensibilityGlobals) = postSolution
		SolutionGuid = {55396514-3442-4BD2-93EC-30C68FF17DD4}
	EndGlobalSection
EndGlobal
